PODS:
  - Bolts (1.2.0):
    - Bolts/AppLinks (= 1.2.0)
    - Bolts/Tasks (= 1.2.0)
  - Bolts/AppLinks (1.2.0):
    - Bolts/Tasks
  - Bolts/Tasks (1.2.0)
  - Bond (3.9.0)
  - ConvenienceKit (0.2.0)
  - FBSDKCoreKit (4.4.0):
    - Bolts (~> 1.1)
    - FBSDKCoreKit/arc (= 4.4.0)
    - FBSDKCoreKit/no-arc (= 4.4.0)
  - FBSDKCoreKit/arc (4.4.0):
    - Bolts (~> 1.1)
  - FBSDKCoreKit/no-arc (4.4.0):
    - Bolts (~> 1.1)
    - FBSDKCoreKit/arc
  - MBProgressHUD (0.9.1)

DEPENDENCIES:
  - Bond
  - ConvenienceKit
  - FBSDKCoreKit
  - MBProgressHUD

SPEC CHECKSUMS:
  Bolts: d176cb1e0012175589e389a9db49b85e27787576
  Bond: 994ccc56aebfe2707d7b5e76f6d665a5beefa45b
  ConvenienceKit: 947032f82c3d419d107e0cbde1fcb725e9c7ed62
  FBSDKCoreKit: 75bdd75c980e811db218488d99dd93b7740f4474
  MBProgressHUD: c47f2c166c126cf2ce36498d80f33e754d4e93ad

COCOAPODS: 0.38.2
